
Microsoft Visual Studio Solution File, Format Version 12.00
# Visual Studio Version 17
VisualStudioVersion = 17.8.34525.116
MinimumVisualStudioVersion = 10.0.40219.1
Project("{FAE04EC0-301F-11D3-BF4B-00C04F79EFBC}") = "eserS5L1", "eserS5L1.csproj", "{3809EA87-D257-46C1-A499-A1DA80A61D44}"
EndProject
Global
	GlobalSection(SolutionConfigurationPlatforms) = preSolution
		Debug|Any CPU = Debug|Any CPU
		Release|Any CPU = Release|Any CPU
	EndGlobalSection
	GlobalSection(ProjectConfigurationPlatforms) = postSolution
		{3809EA87-D257-46C1-A499-A1DA80A61D44}.Debug|Any CPU.ActiveCfg = Debug|Any CPU
		{3809EA87-D257-46C1-A499-A1DA80A61D44}.Debug|Any CPU.Build.0 = Debug|Any CPU
		{3809EA87-D257-46C1-A499-A1DA80A61D44}.Release|Any CPU.ActiveCfg = Release|Any CPU
		{3809EA87-D257-46C1-A499-A1DA80A61D44}.Release|Any CPU.Build.0 = Release|Any CPU
	EndGlobalSection
	GlobalSection(SolutionProperties) = preSolution
		HideSolutionNode = FALSE
	EndGlobalSection
	GlobalSection(ExtensibilityGlobals) = postSolution
		SolutionGuid = {B85B64CF-BA8A-4837-9504-6AE754740821}
	EndGlobalSection
EndGlobal
